<?xml version="1.0" encoding="utf-8"?>
<Project ToolsVersion="4.0" xmlns="http://schemas.microsoft.com/developer/msbuild/2003">
  <ItemGroup>
    <Filter Include="Tests">
      <UniqueIdentifier>{c569b588-41d7-4c7d-a280-bca2b770ff78}</UniqueIdentifier>
    </Filter>
    <Filter Include="EGXPhys">
      <UniqueIdentifier>{cf054365-2ed4-4fb1-8f66-f13f61073ebf}</UniqueIdentifier>
    </Filter>
    <Filter Include="Tests\Astrophysics">
      <UniqueIdentifier>{70d732c1-aaee-41c3-accd-2ce3f3c4eee3}</UniqueIdentifier>
    </Filter>
    <Filter Include="Tests\Atomic">
      <UniqueIdentifier>{9d1aec4e-7623-4f1f-9b6f-6931c34e8720}</UniqueIdentifier>
    </Filter>
    <Filter Include="Tests\Optics">
      <UniqueIdentifier>{acf7d87b-d163-4cfe-b222-b2fff2c2a240}</UniqueIdentifier>
    </Filter>
    <Filter Include="EGXPhys\Acoustics">
      <UniqueIdentifier>{0d8dfbe0-78af-4d18-9026-3be23c291eec}</UniqueIdentifier>
    </Filter>
    <Filter Include="EGXPhys\Astrophysics">
      <UniqueIdentifier>{8c9c727e-eedb-402d-8b93-dbb617448a02}</UniqueIdentifier>
    </Filter>
    <Filter Include="EGXPhys\Atomic">
      <UniqueIdentifier>{a132398e-15d7-4cd0-84ba-21efe79bbca9}</UniqueIdentifier>
    </Filter>
    <Filter Include="EGXPhys\Kinematics">
      <UniqueIdentifier>{5fe5ad7e-3d66-4c14-9585-f3c09c91b13b}</UniqueIdentifier>
    </Filter>
    <Filter Include="EGXPhys\NISTConst">
      <UniqueIdentifier>{b5aacf5e-e29c-4c52-a4a0-65e790f9cc42}</UniqueIdentifier>
    </Filter>
    <Filter Include="EGXPhys\Optics">
      <UniqueIdentifier>{b5d9d6e9-7605-48d8-8aa1-f5ef56f66dc4}</UniqueIdentifier>
    </Filter>
    <Filter Include="EGXPhys\Plasma">
      <UniqueIdentifier>{4950e85f-4bac-451c-94be-d904d352855f}</UniqueIdentifier>
    </Filter>
    <Filter Include="EGXPhys\Quantum">
      <UniqueIdentifier>{3027b000-c8d6-4b84-bb12-4584b918ef8c}</UniqueIdentifier>
    </Filter>
    <Filter Include="EGXPhys\Relativity">
      <UniqueIdentifier>{7923d75c-58a9-4e8a-8733-a6ba5e870cff}</UniqueIdentifier>
    </Filter>
    <Filter Include="EGXPhys\Thermodynamics">
      <UniqueIdentifier>{44809c44-5d59-4512-a6b2-28d68418450f}</UniqueIdentifier>
    </Filter>
    <Filter Include="EGXPhys\EGXMath">
      <UniqueIdentifier>{834eb996-646d-4a09-8ed6-a127b2f86da8}</UniqueIdentifier>
    </Filter>
    <Filter Include="EGXPhys\EGXMath\Conversions">
      <UniqueIdentifier>{bb064649-91d8-498b-91ef-95a981a18a9f}</UniqueIdentifier>
    </Filter>
    <Filter Include="Tests\EGXMath">
      <UniqueIdentifier>{be7cf732-da6b-46e9-885d-d0015c24aa8e}</UniqueIdentifier>
    </Filter>
    <Filter Include="Tests\EGXMath\Conversions">
      <UniqueIdentifier>{b292193c-eff4-4d91-9083-c09908b35153}</UniqueIdentifier>
    </Filter>
    <Filter Include="EGXPhys\EGXMath\Conversions\AngleConversions">
      <UniqueIdentifier>{95308975-c6d5-4b25-8d64-f387a4a775be}</UniqueIdentifier>
    </Filter>
    <Filter Include="EGXPhys\EGXMath\Geometry">
      <UniqueIdentifier>{e6c70b0f-37cf-4a8d-8d6c-ae76e6e9bed7}</UniqueIdentifier>
    </Filter>
    <Filter Include="EGXPhys\EGXMath\Functions">
      <UniqueIdentifier>{3a36fa01-17b8-4f88-9b4c-406de5cac363}</UniqueIdentifier>
    </Filter>
    <Filter Include="EGXPhys\EGXMath\Random">
      <UniqueIdentifier>{7067758f-6273-4bc6-b598-5e7d6cc61a7d}</UniqueIdentifier>
    </Filter>
    <Filter Include="EGXPhys\EGXMath\Geometry\2D">
      <UniqueIdentifier>{70f1aab2-81f4-41b2-9e7c-6c5c08f711dc}</UniqueIdentifier>
    </Filter>
    <Filter Include="EGXPhys\EGXMath\Geometry\3D">
      <UniqueIdentifier>{35c38dfc-daeb-4923-9501-e2cdb62f77ca}</UniqueIdentifier>
    </Filter>
    <Filter Include="Tests\EGXMath\Geometry">
      <UniqueIdentifier>{06150827-8a99-4366-bd47-761dfbe07dea}</UniqueIdentifier>
    </Filter>
    <Filter Include="Tests\EGXMath\Functions">
      <UniqueIdentifier>{77a52f75-03bd-4560-ad9e-911d0ba066fb}</UniqueIdentifier>
    </Filter>
    <Filter Include="Tests\EGXMath\Geometry\2D">
      <UniqueIdentifier>{8fc93c1f-2792-4437-a94f-c26002551233}</UniqueIdentifier>
    </Filter>
    <Filter Include="Tests\EGXMath\Geometry\3D">
      <UniqueIdentifier>{2e5e47ba-0dd5-496d-98b1-5fe163bb37aa}</UniqueIdentifier>
    </Filter>
    <Filter Include="EGXPhys\Kinetics">
      <UniqueIdentifier>{f717d3ca-f643-431f-9c0e-6eef76057c36}</UniqueIdentifier>
    </Filter>
    <Filter Include="Tests\Kinetics">
      <UniqueIdentifier>{f09e725a-cdb8-4ad8-b3ef-42c5ee817e24}</UniqueIdentifier>
    </Filter>
    <Filter Include="EGXPhys\EGXMath\Geometry\3D\Spheroid">
      <UniqueIdentifier>{bd8b4364-fade-4da4-b771-a30a481282d4}</UniqueIdentifier>
    </Filter>
    <Filter Include="EGXPhys\EGXMath\Geometry\2D\Circle">
      <UniqueIdentifier>{c28679f2-c24f-44c9-b688-0ae79d2767fe}</UniqueIdentifier>
    </Filter>
    <Filter Include="EGXPhys\EGXMath\Geometry\2D\Ellipse">
      <UniqueIdentifier>{fee2a43f-3f37-4328-afdc-47def8055b5e}</UniqueIdentifier>
    </Filter>
    <Filter Include="Tests\EGXMath\Geometry\2D\Ellipse">
      <UniqueIdentifier>{8a75fc89-bf55-4273-bb78-1e7aa568acd0}</UniqueIdentifier>
    </Filter>
    <Filter Include="Tests\EGXMath\Geometry\2D\Circle">
      <UniqueIdentifier>{ab2d9ed1-ca42-4855-801b-b8c2024113b6}</UniqueIdentifier>
    </Filter>
    <Filter Include="EGXPhys\EGXMath\Conversions\CoordinateConversions">
      <UniqueIdentifier>{986c33a9-d403-424d-87bd-ee77b6738d11}</UniqueIdentifier>
    </Filter>
    <Filter Include="EGXPhys\EGXMath\Conversions\CoordinateConversions\2D">
      <UniqueIdentifier>{71fce017-5bf5-4bf3-a70f-d5e13e9b9ccf}</UniqueIdentifier>
    </Filter>
    <Filter Include="EGXPhys\EGXMath\Conversions\CoordinateConversions\3D">
      <UniqueIdentifier>{3d264045-0648-4454-9ec0-bcdc69416502}</UniqueIdentifier>
    </Filter>
    <Filter Include="Tests\EGXMath\Conversions\CoordinateConversions">
      <UniqueIdentifier>{fd16cc61-f38a-4c68-a641-8dac286b4cff}</UniqueIdentifier>
    </Filter>
    <Filter Include="Tests\EGXMath\Conversions\CoordinateConversions\3D">
      <UniqueIdentifier>{c2a3f149-4be6-407b-a903-82cd6a33f056}</UniqueIdentifier>
    </Filter>
    <Filter Include="Tests\EGXMath\Conversions\CoordinateConversions\2D">
      <UniqueIdentifier>{209a0648-2713-48e7-a282-1b0453bd9050}</UniqueIdentifier>
    </Filter>
    <Filter Include="Tests\EGXMath\Geometry\3D\Spheroid">
      <UniqueIdentifier>{f3c00d56-3a2a-4828-9df9-e0634b68304a}</UniqueIdentifier>
    </Filter>
    <Filter Include="EGXPhys\EGXMath\Geometry\3D\Ellipsoid">
      <UniqueIdentifier>{05b694ae-b540-4ed6-9e38-120b29a4e5cc}</UniqueIdentifier>
    </Filter>
    <Filter Include="Tests\EGXMath\Geometry\3D\Ellipsoid">
      <UniqueIdentifier>{cd42aafd-0a6f-4ad4-87eb-89dc507c430b}</UniqueIdentifier>
    </Filter>
    <Filter Include="EGXPhys\Electrodynamics">
      <UniqueIdentifier>{4e9742b3-678f-46a6-a12a-1f6303e68562}</UniqueIdentifier>
    </Filter>
    <Filter Include="EGXPhys\Electrodynamics\BlackBody">
      <UniqueIdentifier>{59c2556b-9dfb-4f89-bec6-6d0f91051d99}</UniqueIdentifier>
    </Filter>
    <Filter Include="Tests\Electrodynamics">
      <UniqueIdentifier>{5a170abf-82f1-4e08-9889-6e7cdb09c55a}</UniqueIdentifier>
    </Filter>
    <Filter Include="Tests\Electrodynamics\BlackBody">
      <UniqueIdentifier>{86bd1201-ccce-4ebb-ac98-f5cc2877a66d}</UniqueIdentifier>
    </Filter>
    <Filter Include="Tests\EGXMath\Conversions\Distance">
      <UniqueIdentifier>{07b5da09-a4f8-41bd-b68c-c8a9601998c3}</UniqueIdentifier>
    </Filter>
    <Filter Include="EGXPhys\EGXMath\Conversions\LengthConversions">
      <UniqueIdentifier>{579c70a8-5bde-4636-97aa-8845d9fbb089}</UniqueIdentifier>
    </Filter>
  </ItemGroup>
  <ItemGroup>
    <ClInclude Include="..\..\tests\Optics\OpticsTests.hpp">
      <Filter>Tests\Optics</Filter>
    </ClInclude>
    <ClInclude Include="..\..\tests\Optics\RedshiftTests.hpp">
      <Filter>Tests\Optics</Filter>
    </ClInclude>
    <ClInclude Include="..\..\tests\Atomic\AtomicTests.hpp">
      <Filter>Tests\Atomic</Filter>
    </ClInclude>
    <ClInclude Include="..\..\tests\Atomic\DecayConstantTests.hpp">
      <Filter>Tests\Atomic</Filter>
    </ClInclude>
    <ClInclude Include="..\..\tests\Atomic\DecayWidthTests.hpp">
      <Filter>Tests\Atomic</Filter>
    </ClInclude>
    <ClInclude Include="..\..\tests\Atomic\HalfLifeTests.hpp">
      <Filter>Tests\Atomic</Filter>
    </ClInclude>
    <ClInclude Include="..\..\tests\Atomic\MassDefectTests.hpp">
      <Filter>Tests\Atomic</Filter>
    </ClInclude>
    <ClInclude Include="..\..\tests\Atomic\MassExcessTests.hpp">
      <Filter>Tests\Atomic</Filter>
    </ClInclude>
    <ClInclude Include="..\..\tests\Atomic\MeanLifetimeTests.hpp">
      <Filter>Tests\Atomic</Filter>
    </ClInclude>
    <ClInclude Include="..\..\tests\Atomic\NuclearSeparationEnergyTests.hpp">
      <Filter>Tests\Atomic</Filter>
    </ClInclude>
    <ClInclude Include="..\..\tests\Atomic\QValueTests.hpp">
      <Filter>Tests\Atomic</Filter>
    </ClInclude>
    <ClInclude Include="..\..\tests\Atomic\SemiEmpiricalMassFormulaTests.hpp">
      <Filter>Tests\Atomic</Filter>
    </ClInclude>
    <ClInclude Include="..\..\tests\Astrophysics\ApoapsisTests.hpp">
      <Filter>Tests\Astrophysics</Filter>
    </ClInclude>
    <ClInclude Include="..\..\tests\Astrophysics\AstrophysicsTests.hpp">
      <Filter>Tests\Astrophysics</Filter>
    </ClInclude>
    <ClInclude Include="..\..\tests\Astrophysics\LuminosityTests.hpp">
      <Filter>Tests\Astrophysics</Filter>
    </ClInclude>
    <ClInclude Include="..\..\tests\Astrophysics\PeriapsisTests.hpp">
      <Filter>Tests\Astrophysics</Filter>
    </ClInclude>
    <ClInclude Include="..\..\tests\Astrophysics\PlanetCriteriaTests.hpp">
      <Filter>Tests\Astrophysics</Filter>
    </ClInclude>
    <ClInclude Include="..\..\tests\catch.hpp">
      <Filter>Tests</Filter>
    </ClInclude>
    <ClInclude Include="..\..\EGXPhys\Astrophysics\Apoapsis.hpp">
      <Filter>EGXPhys\Astrophysics</Filter>
    </ClInclude>
    <ClInclude Include="..\..\EGXPhys\Astrophysics\Astrophysics.hpp">
      <Filter>EGXPhys\Astrophysics</Filter>
    </ClInclude>
    <ClInclude Include="..\..\EGXPhys\Astrophysics\AstrophysicsConstants.hpp">
      <Filter>EGXPhys\Astrophysics</Filter>
    </ClInclude>
    <ClInclude Include="..\..\EGXPhys\Astrophysics\CircumstellarHabitableZone.hpp">
      <Filter>EGXPhys\Astrophysics</Filter>
    </ClInclude>
    <ClInclude Include="..\..\EGXPhys\Astrophysics\Eccentricity.hpp">
      <Filter>EGXPhys\Astrophysics</Filter>
    </ClInclude>
    <ClInclude Include="..\..\EGXPhys\Astrophysics\Luminosity.hpp">
      <Filter>EGXPhys\Astrophysics</Filter>
    </ClInclude>
    <ClInclude Include="..\..\EGXPhys\Astrophysics\OrbitalCharecteristics.hpp">
      <Filter>EGXPhys\Astrophysics</Filter>
    </ClInclude>
    <ClInclude Include="..\..\EGXPhys\Astrophysics\Periapsis.hpp">
      <Filter>EGXPhys\Astrophysics</Filter>
    </ClInclude>
    <ClInclude Include="..\..\EGXPhys\Astrophysics\PlanetCriteria.hpp">
      <Filter>EGXPhys\Astrophysics</Filter>
    </ClInclude>
    <ClInclude Include="..\..\EGXPhys\Acoustics\Acoustics.hpp">
      <Filter>EGXPhys\Acoustics</Filter>
    </ClInclude>
    <ClInclude Include="..\..\EGXPhys\Acoustics\AcousticsConstants.hpp">
      <Filter>EGXPhys\Acoustics</Filter>
    </ClInclude>
    <ClInclude Include="..\..\EGXPhys\EGXPhys.hpp">
      <Filter>EGXPhys</Filter>
    </ClInclude>
    <ClInclude Include="..\..\EGXPhys\EGXPhysConstants.hpp">
      <Filter>EGXPhys</Filter>
    </ClInclude>
    <ClInclude Include="..\..\EGXPhys\Atomic\Atomic.hpp">
      <Filter>EGXPhys\Atomic</Filter>
    </ClInclude>
    <ClInclude Include="..\..\EGXPhys\Atomic\AtomicConstants.hpp">
      <Filter>EGXPhys\Atomic</Filter>
    </ClInclude>
    <ClInclude Include="..\..\EGXPhys\Atomic\DecayConstant.hpp">
      <Filter>EGXPhys\Atomic</Filter>
    </ClInclude>
    <ClInclude Include="..\..\EGXPhys\Atomic\DecayWidth.hpp">
      <Filter>EGXPhys\Atomic</Filter>
    </ClInclude>
    <ClInclude Include="..\..\EGXPhys\Atomic\HalfLife.hpp">
      <Filter>EGXPhys\Atomic</Filter>
    </ClInclude>
    <ClInclude Include="..\..\EGXPhys\Atomic\MassDefect.hpp">
      <Filter>EGXPhys\Atomic</Filter>
    </ClInclude>
    <ClInclude Include="..\..\EGXPhys\Atomic\MassExcess.hpp">
      <Filter>EGXPhys\Atomic</Filter>
    </ClInclude>
    <ClInclude Include="..\..\EGXPhys\Atomic\MeanLifetime.hpp">
      <Filter>EGXPhys\Atomic</Filter>
    </ClInclude>
    <ClInclude Include="..\..\EGXPhys\Atomic\NuclearBindingEnergy.hpp">
      <Filter>EGXPhys\Atomic</Filter>
    </ClInclude>
    <ClInclude Include="..\..\EGXPhys\Atomic\NuclearSeparationEnergy.hpp">
      <Filter>EGXPhys\Atomic</Filter>
    </ClInclude>
    <ClInclude Include="..\..\EGXPhys\Atomic\QValue.hpp">
      <Filter>EGXPhys\Atomic</Filter>
    </ClInclude>
    <ClInclude Include="..\..\EGXPhys\Atomic\RadioactiveDecay.hpp">
      <Filter>EGXPhys\Atomic</Filter>
    </ClInclude>
    <ClInclude Include="..\..\EGXPhys\Atomic\SemiEmpiricalMassFormula.hpp">
      <Filter>EGXPhys\Atomic</Filter>
    </ClInclude>
    <ClInclude Include="..\..\EGXPhys\Kinematics\Kinematics.hpp">
      <Filter>EGXPhys\Kinematics</Filter>
    </ClInclude>
    <ClInclude Include="..\..\EGXPhys\Kinematics\KinematicsConstants.hpp">
      <Filter>EGXPhys\Kinematics</Filter>
    </ClInclude>
    <ClInclude Include="..\..\EGXPhys\Optics\Optics.hpp">
      <Filter>EGXPhys\Optics</Filter>
    </ClInclude>
    <ClInclude Include="..\..\EGXPhys\Optics\OpticsConstants.hpp">
      <Filter>EGXPhys\Optics</Filter>
    </ClInclude>
    <ClInclude Include="..\..\EGXPhys\Optics\Redshift.hpp">
      <Filter>EGXPhys\Optics</Filter>
    </ClInclude>
    <ClInclude Include="..\..\EGXPhys\Plasma\Plasma.hpp">
      <Filter>EGXPhys\Plasma</Filter>
    </ClInclude>
    <ClInclude Include="..\..\EGXPhys\Plasma\PlasmaConstants.hpp">
      <Filter>EGXPhys\Plasma</Filter>
    </ClInclude>
    <ClInclude Include="..\..\EGXPhys\Thermodynamics\Thermodynamics.hpp">
      <Filter>EGXPhys\Thermodynamics</Filter>
    </ClInclude>
    <ClInclude Include="..\..\EGXPhys\Thermodynamics\ThermodynamicsConstants.hpp">
      <Filter>EGXPhys\Thermodynamics</Filter>
    </ClInclude>
    <ClInclude Include="..\..\EGXPhys\Relativity\LorentzTransformations.hpp">
      <Filter>EGXPhys\Relativity</Filter>
    </ClInclude>
    <ClInclude Include="..\..\EGXPhys\Relativity\Relativity.hpp">
      <Filter>EGXPhys\Relativity</Filter>
    </ClInclude>
    <ClInclude Include="..\..\EGXPhys\Relativity\RelativityConstants.hpp">
      <Filter>EGXPhys\Relativity</Filter>
    </ClInclude>
    <ClInclude Include="..\..\EGXPhys\Quantum\Quantum.hpp">
      <Filter>EGXPhys\Quantum</Filter>
    </ClInclude>
    <ClInclude Include="..\..\EGXPhys\Quantum\QuantumConstants.hpp">
      <Filter>EGXPhys\Quantum</Filter>
    </ClInclude>
    <ClInclude Include="..\..\EGXPhys\NISTConst\NISTConst.hpp">
      <Filter>EGXPhys\NISTConst</Filter>
    </ClInclude>
    <ClInclude Include="..\..\EGXPhys\Astrophysics\PlanetaryMass.hpp">
      <Filter>EGXPhys\Astrophysics</Filter>
    </ClInclude>
    <ClInclude Include="..\..\tests\Astrophysics\PlanetaryMassTests.hpp">
      <Filter>Tests\Astrophysics</Filter>
    </ClInclude>
    <ClInclude Include="..\..\EGXPhys\Astrophysics\StellarMass.hpp">
      <Filter>EGXPhys\Astrophysics</Filter>
    </ClInclude>
    <ClInclude Include="..\..\tests\Astrophysics\StellarMassTests.hpp">
      <Filter>Tests\Astrophysics</Filter>
    </ClInclude>
    <ClInclude Include="..\..\EGXPhys\Astrophysics\AbsoluteMagnitude.hpp">
      <Filter>EGXPhys\Astrophysics</Filter>
    </ClInclude>
    <ClInclude Include="..\..\EGXPhys\Astrophysics\Parallax.hpp">
      <Filter>EGXPhys\Astrophysics</Filter>
    </ClInclude>
    <ClInclude Include="..\..\EGXPhys\Astrophysics\StellarRadius.hpp">
      <Filter>EGXPhys\Astrophysics</Filter>
    </ClInclude>
    <ClInclude Include="..\..\EGXPhys\Astrophysics\StellarTemperature.hpp">
      <Filter>EGXPhys\Astrophysics</Filter>
    </ClInclude>
    <ClInclude Include="..\..\EGXPhys\EGXMath\EGXMath.hpp">
      <Filter>EGXPhys\EGXMath</Filter>
    </ClInclude>
    <ClInclude Include="..\..\EGXPhys\EGXMath\EGXMathConstants.hpp">
      <Filter>EGXPhys\EGXMath</Filter>
    </ClInclude>
    <ClInclude Include="..\..\EGXPhys\EGXMath\Conversions\Conversions.hpp">
      <Filter>EGXPhys\EGXMath\Conversions</Filter>
    </ClInclude>
    <ClInclude Include="..\..\EGXPhys\EGXMath\Conversions\ConversionsConstants.hpp">
      <Filter>EGXPhys\EGXMath\Conversions</Filter>
    </ClInclude>
    <ClInclude Include="..\..\tests\EGXMath\EGXMathTests.hpp">
      <Filter>Tests\EGXMath</Filter>
    </ClInclude>
    <ClInclude Include="..\..\tests\EGXMath\Conversions\AngularConversionsTest.hpp">
      <Filter>Tests\EGXMath\Conversions</Filter>
    </ClInclude>
    <ClInclude Include="..\..\tests\EGXMath\Conversions\ConversionsTest.hpp">
      <Filter>Tests\EGXMath\Conversions</Filter>
    </ClInclude>
    <ClInclude Include="..\..\EGXPhys\EGXMath\Conversions\AngleConversions\DecimalDegreeConversion.hpp">
      <Filter>EGXPhys\EGXMath\Conversions\AngleConversions</Filter>
    </ClInclude>
    <ClInclude Include="..\..\EGXPhys\EGXMath\Conversions\AngleConversions\DegreeConversion.hpp">
      <Filter>EGXPhys\EGXMath\Conversions\AngleConversions</Filter>
    </ClInclude>
    <ClInclude Include="..\..\EGXPhys\EGXMath\Conversions\AngleConversions\DegreesMinutesSecondsConversion.hpp">
      <Filter>EGXPhys\EGXMath\Conversions\AngleConversions</Filter>
    </ClInclude>
    <ClInclude Include="..\..\EGXPhys\EGXMath\Conversions\AngleConversions\DMSConversion.hpp">
      <Filter>EGXPhys\EGXMath\Conversions\AngleConversions</Filter>
    </ClInclude>
    <ClInclude Include="..\..\EGXPhys\EGXMath\Conversions\AngleConversions\GonConversion.hpp">
      <Filter>EGXPhys\EGXMath\Conversions\AngleConversions</Filter>
    </ClInclude>
    <ClInclude Include="..\..\EGXPhys\EGXMath\Conversions\AngleConversions\GradianConversion.hpp">
      <Filter>EGXPhys\EGXMath\Conversions\AngleConversions</Filter>
    </ClInclude>
    <ClInclude Include="..\..\EGXPhys\EGXMath\Conversions\AngleConversions\HMSConversion.hpp">
      <Filter>EGXPhys\EGXMath\Conversions\AngleConversions</Filter>
    </ClInclude>
    <ClInclude Include="..\..\EGXPhys\EGXMath\Conversions\AngleConversions\HoursMinutesSecondsConversion.hpp">
      <Filter>EGXPhys\EGXMath\Conversions\AngleConversions</Filter>
    </ClInclude>
    <ClInclude Include="..\..\EGXPhys\EGXMath\Conversions\AngleConversions\IntegerDegreeConversion.hpp">
      <Filter>EGXPhys\EGXMath\Conversions\AngleConversions</Filter>
    </ClInclude>
    <ClInclude Include="..\..\EGXPhys\EGXMath\Conversions\AngleConversions\RadianConversion.hpp">
      <Filter>EGXPhys\EGXMath\Conversions\AngleConversions</Filter>
    </ClInclude>
    <ClInclude Include="..\..\EGXPhys\EGXMath\Conversions\AngleConversions\TurnConversion.hpp">
      <Filter>EGXPhys\EGXMath\Conversions\AngleConversions</Filter>
    </ClInclude>
    <ClInclude Include="..\..\EGXPhys\Astrophysics\Declination.hpp">
      <Filter>EGXPhys\Astrophysics</Filter>
    </ClInclude>
    <ClInclude Include="..\..\EGXPhys\Astrophysics\RightAscension.hpp">
      <Filter>EGXPhys\Astrophysics</Filter>
    </ClInclude>
    <ClInclude Include="..\..\EGXPhys\EGXMath\Functions\Functions.hpp">
      <Filter>EGXPhys\EGXMath\Functions</Filter>
    </ClInclude>
    <ClInclude Include="..\..\EGXPhys\EGXMath\Functions\ErfFunctions.hpp">
      <Filter>EGXPhys\EGXMath\Functions</Filter>
    </ClInclude>
    <ClInclude Include="..\..\EGXPhys\EGXMath\Functions\GaussianFunctions.hpp">
      <Filter>EGXPhys\EGXMath\Functions</Filter>
    </ClInclude>
    <ClInclude Include="..\..\EGXPhys\EGXMath\Functions\LogFunctions.hpp">
      <Filter>EGXPhys\EGXMath\Functions</Filter>
    </ClInclude>
    <ClInclude Include="..\..\EGXPhys\EGXMath\Functions\PeriodicFunctions.hpp">
      <Filter>EGXPhys\EGXMath\Functions</Filter>
    </ClInclude>
    <ClInclude Include="..\..\EGXPhys\EGXMath\Functions\SignFunctions.hpp">
      <Filter>EGXPhys\EGXMath\Functions</Filter>
    </ClInclude>
    <ClInclude Include="..\..\EGXPhys\EGXMath\Geometry\Geometry.hpp">
      <Filter>EGXPhys\EGXMath\Geometry</Filter>
    </ClInclude>
    <ClInclude Include="..\..\tests\EGXMath\Geometry\GeometryTest.hpp">
      <Filter>Tests\EGXMath\Geometry</Filter>
    </ClInclude>
    <ClInclude Include="..\..\EGXPhys\EGXMath\Geometry\3D\Disk.hpp">
      <Filter>EGXPhys\EGXMath\Geometry\3D</Filter>
    </ClInclude>
    <ClInclude Include="..\..\EGXPhys\EGXMath\Geometry\3D\Hoop.hpp">
      <Filter>EGXPhys\EGXMath\Geometry\3D</Filter>
    </ClInclude>
    <ClInclude Include="..\..\EGXPhys\Astrophysics\B-VColor.hpp">
      <Filter>EGXPhys\Astrophysics</Filter>
    </ClInclude>
    <ClInclude Include="..\..\tests\Astrophysics\B-VColorTests.hpp">
      <Filter>Tests\Astrophysics</Filter>
    </ClInclude>
    <ClInclude Include="..\..\EGXPhys\Astrophysics\ColorTemperature.hpp">
      <Filter>EGXPhys\Astrophysics</Filter>
    </ClInclude>
    <ClInclude Include="..\..\EGXPhys\Astrophysics\EscapeVelocity.hpp">
      <Filter>EGXPhys\Astrophysics</Filter>
    </ClInclude>
    <ClInclude Include="..\..\tests\Astrophysics\EscapeVelocityTests.hpp">
      <Filter>Tests\Astrophysics</Filter>
    </ClInclude>
    <ClInclude Include="..\..\EGXPhys\Kinetics\Kinetics.hpp">
      <Filter>EGXPhys\Kinetics</Filter>
    </ClInclude>
    <ClInclude Include="..\..\EGXPhys\Kinetics\KineticsConstants.hpp">
      <Filter>EGXPhys\Kinetics</Filter>
    </ClInclude>
    <ClInclude Include="..\..\EGXPhys\Kinetics\Torque.hpp">
      <Filter>EGXPhys\Kinetics</Filter>
    </ClInclude>
    <ClInclude Include="..\..\tests\Kinetics\KineticsTests.hpp">
      <Filter>Tests\Kinetics</Filter>
    </ClInclude>
    <ClInclude Include="..\..\tests\Kinetics\TorqueTests.hpp">
      <Filter>Tests\Kinetics</Filter>
    </ClInclude>
    <ClInclude Include="..\..\EGXPhys\Kinetics\AngularAcceleration.hpp">
      <Filter>EGXPhys\Kinetics</Filter>
    </ClInclude>
    <ClInclude Include="..\..\EGXPhys\Kinetics\AngularFrequency.hpp">
      <Filter>EGXPhys\Kinetics</Filter>
    </ClInclude>
    <ClInclude Include="..\..\EGXPhys\Kinetics\AngularPeriod.hpp">
      <Filter>EGXPhys\Kinetics</Filter>
    </ClInclude>
    <ClInclude Include="..\..\EGXPhys\Kinetics\CentripetalAcceleration.hpp">
      <Filter>EGXPhys\Kinetics</Filter>
    </ClInclude>
    <ClInclude Include="..\..\EGXPhys\Kinetics\TangentialVelocity.hpp">
      <Filter>EGXPhys\Kinetics</Filter>
    </ClInclude>
    <ClInclude Include="..\..\EGXPhys\Kinetics\CentripetalForce.hpp">
      <Filter>EGXPhys\Kinetics</Filter>
    </ClInclude>
    <ClInclude Include="..\..\tests\Kinetics\AngularAccelerationTests.hpp">
      <Filter>Tests\Kinetics</Filter>
    </ClInclude>
    <ClInclude Include="..\..\EGXPhys\Astrophysics\StandardGravitationalParameter.hpp">
      <Filter>EGXPhys\Astrophysics</Filter>
    </ClInclude>
    <ClInclude Include="..\..\tests\Astrophysics\StandardGravitationalParameterTests.hpp">
      <Filter>Tests\Astrophysics</Filter>
    </ClInclude>
    <ClInclude Include="..\..\EGXPhys\Astrophysics\SurfaceGravity.hpp">
      <Filter>EGXPhys\Astrophysics</Filter>
    </ClInclude>
    <ClInclude Include="..\..\tests\Astrophysics\SurfaceGravityTests.hpp">
      <Filter>Tests\Astrophysics</Filter>
    </ClInclude>
    <ClInclude Include="..\..\EGXPhys\Astrophysics\RotationalFlattening.hpp">
      <Filter>EGXPhys\Astrophysics</Filter>
    </ClInclude>
    <ClInclude Include="..\..\EGXPhys\EGXMath\Geometry\3D\Spheroid\Spheroid.hpp">
      <Filter>EGXPhys\EGXMath\Geometry\3D\Spheroid</Filter>
    </ClInclude>
    <ClInclude Include="..\..\EGXPhys\EGXMath\Geometry\3D\Spheroid\SpheroidEccentricity.hpp">
      <Filter>EGXPhys\EGXMath\Geometry\3D\Spheroid</Filter>
    </ClInclude>
    <ClInclude Include="..\..\EGXPhys\EGXMath\Geometry\3D\Spheroid\SpheroidFlattening.hpp">
      <Filter>EGXPhys\EGXMath\Geometry\3D\Spheroid</Filter>
    </ClInclude>
    <ClInclude Include="..\..\EGXPhys\EGXMath\Geometry\3D\3DGeometry.hpp">
      <Filter>EGXPhys\EGXMath\Geometry\3D</Filter>
    </ClInclude>
    <ClInclude Include="..\..\EGXPhys\EGXMath\Geometry\2D\Circle\Circle.hpp">
      <Filter>EGXPhys\EGXMath\Geometry\2D\Circle</Filter>
    </ClInclude>
    <ClInclude Include="..\..\EGXPhys\EGXMath\Geometry\2D\2DGeometry.hpp">
      <Filter>EGXPhys\EGXMath\Geometry\2D</Filter>
    </ClInclude>
    <ClInclude Include="..\..\EGXPhys\EGXMath\Geometry\2D\Ellipse\Ellipse.hpp">
      <Filter>EGXPhys\EGXMath\Geometry\2D\Ellipse</Filter>
    </ClInclude>
    <ClInclude Include="..\..\EGXPhys\EGXMath\Geometry\2D\Ellipse\EllipseEccentricity.hpp">
      <Filter>EGXPhys\EGXMath\Geometry\2D\Ellipse</Filter>
    </ClInclude>
    <ClInclude Include="..\..\EGXPhys\EGXMath\Geometry\2D\Ellipse\EllipseCircumference.hpp">
      <Filter>EGXPhys\EGXMath\Geometry\2D\Ellipse</Filter>
    </ClInclude>
    <ClInclude Include="..\..\EGXPhys\EGXMath\Geometry\2D\Ellipse\EllipseInertia.hpp">
      <Filter>EGXPhys\EGXMath\Geometry\2D\Ellipse</Filter>
    </ClInclude>
    <ClInclude Include="..\..\EGXPhys\EGXMath\Geometry\2D\Ellipse\EllipseSurfaceArea.hpp">
      <Filter>EGXPhys\EGXMath\Geometry\2D\Ellipse</Filter>
    </ClInclude>
    <ClInclude Include="..\..\tests\EGXMath\Geometry\2D\Ellipse\EllipseCircumferenceTests.hpp">
      <Filter>Tests\EGXMath\Geometry\2D\Ellipse</Filter>
    </ClInclude>
    <ClInclude Include="..\..\tests\EGXMath\Geometry\2D\Ellipse\EllipseEccentricityTests.hpp">
      <Filter>Tests\EGXMath\Geometry\2D\Ellipse</Filter>
    </ClInclude>
    <ClInclude Include="..\..\tests\EGXMath\Geometry\2D\Ellipse\EllipseInertiaTests.hpp">
      <Filter>Tests\EGXMath\Geometry\2D\Ellipse</Filter>
    </ClInclude>
    <ClInclude Include="..\..\tests\EGXMath\Geometry\2D\Ellipse\EllipseLinearEccentricityTests.hpp">
      <Filter>Tests\EGXMath\Geometry\2D\Ellipse</Filter>
    </ClInclude>
    <ClInclude Include="..\..\tests\EGXMath\Geometry\2D\Ellipse\EllipseSemiMajorAxisTests.hpp">
      <Filter>Tests\EGXMath\Geometry\2D\Ellipse</Filter>
    </ClInclude>
    <ClInclude Include="..\..\tests\EGXMath\Geometry\2D\Ellipse\EllipseSemiMinorAxisTests.hpp">
      <Filter>Tests\EGXMath\Geometry\2D\Ellipse</Filter>
    </ClInclude>
    <ClInclude Include="..\..\tests\EGXMath\Geometry\2D\Ellipse\EllipseSurfaceAreaTests.hpp">
      <Filter>Tests\EGXMath\Geometry\2D\Ellipse</Filter>
    </ClInclude>
    <ClInclude Include="..\..\tests\EGXMath\Geometry\2D\Ellipse\EllipseTests.hpp">
      <Filter>Tests\EGXMath\Geometry\2D\Ellipse</Filter>
    </ClInclude>
    <ClInclude Include="..\..\tests\EGXMath\Geometry\2D\2DGeometryTests.hpp">
      <Filter>Tests\EGXMath\Geometry\2D</Filter>
    </ClInclude>
    <ClInclude Include="..\..\tests\EGXMath\Geometry\2D\Circle\CircleTests.hpp">
      <Filter>Tests\EGXMath\Geometry\2D\Circle</Filter>
    </ClInclude>
    <ClInclude Include="..\..\EGXPhys\EGXMath\Geometry\2D\Ellipse\EllipseFocalParameter.hpp">
      <Filter>EGXPhys\EGXMath\Geometry\2D\Ellipse</Filter>
    </ClInclude>
    <ClInclude Include="..\..\EGXPhys\EGXMath\Geometry\2D\Ellipse\EllipseSemiLatusRectum.hpp">
      <Filter>EGXPhys\EGXMath\Geometry\2D\Ellipse</Filter>
    </ClInclude>
    <ClInclude Include="..\..\EGXPhys\EGXMath\Geometry\2D\Ellipse\EllipseSemiMajorAxis.hpp">
      <Filter>EGXPhys\EGXMath\Geometry\2D\Ellipse</Filter>
    </ClInclude>
    <ClInclude Include="..\..\EGXPhys\EGXMath\Geometry\2D\Ellipse\EllipseSemiMinorAxis.hpp">
      <Filter>EGXPhys\EGXMath\Geometry\2D\Ellipse</Filter>
    </ClInclude>
    <ClInclude Include="..\..\EGXPhys\EGXMath\Geometry\2D\Ellipse\EllipseDirectrix.hpp">
      <Filter>EGXPhys\EGXMath\Geometry\2D\Ellipse</Filter>
    </ClInclude>
    <ClInclude Include="..\..\EGXPhys\EGXMath\Geometry\2D\Ellipse\EllipseFocalLength.hpp">
      <Filter>EGXPhys\EGXMath\Geometry\2D\Ellipse</Filter>
    </ClInclude>
    <ClInclude Include="..\..\EGXPhys\EGXMath\Geometry\2D\Ellipse\EllipseLinearEccentricity.hpp">
      <Filter>EGXPhys\EGXMath\Geometry\2D\Ellipse</Filter>
    </ClInclude>
    <ClInclude Include="..\..\EGXPhys\EGXMath\Conversions\AngleConversions\AngleConversions.hpp">
      <Filter>EGXPhys\EGXMath\Conversions\AngleConversions</Filter>
    </ClInclude>
    <ClInclude Include="..\..\EGXPhys\EGXMath\Conversions\CoordinateConversions\CoordinateConversions.hpp">
      <Filter>EGXPhys\EGXMath\Conversions\CoordinateConversions</Filter>
    </ClInclude>
    <ClInclude Include="..\..\EGXPhys\EGXMath\Conversions\CoordinateConversions\3D\3DCartesianCoordinateConversion.hpp">
      <Filter>EGXPhys\EGXMath\Conversions\CoordinateConversions\3D</Filter>
    </ClInclude>
    <ClInclude Include="..\..\EGXPhys\EGXMath\Conversions\CoordinateConversions\3D\3DCoordinateConversions.hpp">
      <Filter>EGXPhys\EGXMath\Conversions\CoordinateConversions\3D</Filter>
    </ClInclude>
    <ClInclude Include="..\..\EGXPhys\EGXMath\Conversions\CoordinateConversions\3D\CylindricalCoordinateConversion.hpp">
      <Filter>EGXPhys\EGXMath\Conversions\CoordinateConversions\3D</Filter>
    </ClInclude>
    <ClInclude Include="..\..\EGXPhys\EGXMath\Conversions\CoordinateConversions\3D\SphericalCoordinateConversion.hpp">
      <Filter>EGXPhys\EGXMath\Conversions\CoordinateConversions\3D</Filter>
    </ClInclude>
    <ClInclude Include="..\..\EGXPhys\EGXMath\Conversions\CoordinateConversions\2D\2DCoordinateConversions.hpp">
      <Filter>EGXPhys\EGXMath\Conversions\CoordinateConversions\2D</Filter>
    </ClInclude>
    <ClInclude Include="..\..\EGXPhys\EGXMath\Conversions\CoordinateConversions\2D\CartesianCoordinateConversion.hpp">
      <Filter>EGXPhys\EGXMath\Conversions\CoordinateConversions\2D</Filter>
    </ClInclude>
    <ClInclude Include="..\..\EGXPhys\EGXMath\Conversions\CoordinateConversions\2D\PolarCoordinateConversion.hpp">
      <Filter>EGXPhys\EGXMath\Conversions\CoordinateConversions\2D</Filter>
    </ClInclude>
    <ClInclude Include="..\..\tests\EGXMath\Conversions\CoordinateConversions\3D\3DCartesianCoordinateConversionTest.hpp">
      <Filter>Tests\EGXMath\Conversions\CoordinateConversions\3D</Filter>
    </ClInclude>
    <ClInclude Include="..\..\tests\EGXMath\Conversions\CoordinateConversions\3D\CylindricalCoordinateConversionTest.hpp">
      <Filter>Tests\EGXMath\Conversions\CoordinateConversions\3D</Filter>
    </ClInclude>
    <ClInclude Include="..\..\tests\EGXMath\Conversions\CoordinateConversions\3D\SphericalCoordinateConversionTest.hpp">
      <Filter>Tests\EGXMath\Conversions\CoordinateConversions\3D</Filter>
    </ClInclude>
    <ClInclude Include="..\..\tests\EGXMath\Conversions\CoordinateConversions\2D\2DCartesianCoordinateConversionTest.hpp">
      <Filter>Tests\EGXMath\Conversions\CoordinateConversions\2D</Filter>
    </ClInclude>
    <ClInclude Include="..\..\tests\EGXMath\Conversions\CoordinateConversions\2D\PolarCoordinateConversionTest.hpp">
      <Filter>Tests\EGXMath\Conversions\CoordinateConversions\2D</Filter>
    </ClInclude>
    <ClInclude Include="..\..\EGXPhys\EGXMath\Geometry\3D\Spheroid\SpheroidSurfaceArea.hpp">
      <Filter>EGXPhys\EGXMath\Geometry\3D\Spheroid</Filter>
    </ClInclude>
    <ClInclude Include="..\..\EGXPhys\EGXMath\Geometry\3D\Spheroid\SpheroidVolume.hpp">
      <Filter>EGXPhys\EGXMath\Geometry\3D\Spheroid</Filter>
    </ClInclude>
    <ClInclude Include="..\..\tests\EGXMath\Geometry\3D\Spheroid\SpheroidEccentricityTest.hpp">
      <Filter>Tests\EGXMath\Geometry\3D\Spheroid</Filter>
    </ClInclude>
    <ClInclude Include="..\..\tests\EGXMath\Geometry\3D\Spheroid\SpheroidFlatteningTest.hpp">
      <Filter>Tests\EGXMath\Geometry\3D\Spheroid</Filter>
    </ClInclude>
    <ClInclude Include="..\..\tests\EGXMath\Geometry\3D\Spheroid\SpheroidSurfaceAreaTest.hpp">
      <Filter>Tests\EGXMath\Geometry\3D\Spheroid</Filter>
    </ClInclude>
    <ClInclude Include="..\..\tests\EGXMath\Geometry\3D\Spheroid\SpheroidTest.hpp">
      <Filter>Tests\EGXMath\Geometry\3D\Spheroid</Filter>
    </ClInclude>
    <ClInclude Include="..\..\tests\EGXMath\Geometry\3D\Spheroid\SpheroidVolumeTest.hpp">
      <Filter>Tests\EGXMath\Geometry\3D\Spheroid</Filter>
    </ClInclude>
    <ClInclude Include="..\..\tests\EGXMath\Geometry\3D\3DGeometryTest.hpp">
      <Filter>Tests\EGXMath\Geometry\3D</Filter>
    </ClInclude>
    <ClInclude Include="..\..\EGXPhys\EGXMath\Geometry\3D\Ellipsoid\Ellipsoid.hpp">
      <Filter>EGXPhys\EGXMath\Geometry\3D\Ellipsoid</Filter>
    </ClInclude>
    <ClInclude Include="..\..\EGXPhys\EGXMath\Geometry\3D\Ellipsoid\EllipsoidInertia.hpp">
      <Filter>EGXPhys\EGXMath\Geometry\3D\Ellipsoid</Filter>
    </ClInclude>
    <ClInclude Include="..\..\EGXPhys\EGXMath\Geometry\3D\Ellipsoid\EllipsoidSurfaceArea.hpp">
      <Filter>EGXPhys\EGXMath\Geometry\3D\Ellipsoid</Filter>
    </ClInclude>
    <ClInclude Include="..\..\EGXPhys\EGXMath\Geometry\3D\Ellipsoid\EllipsoidVolume.hpp">
      <Filter>EGXPhys\EGXMath\Geometry\3D\Ellipsoid</Filter>
    </ClInclude>
    <ClInclude Include="..\..\EGXPhys\EGXMath\Geometry\3D\Spheroid\SpheroidEquatorialRadius.hpp">
      <Filter>EGXPhys\EGXMath\Geometry\3D\Spheroid</Filter>
    </ClInclude>
    <ClInclude Include="..\..\EGXPhys\EGXMath\Geometry\3D\Spheroid\SpheroidPolarRadius.hpp">
      <Filter>EGXPhys\EGXMath\Geometry\3D\Spheroid</Filter>
    </ClInclude>
    <ClInclude Include="..\..\EGXPhys\EGXMath\Geometry\3D\Spheroid\SpheroidInertia.hpp">
      <Filter>EGXPhys\EGXMath\Geometry\3D\Spheroid</Filter>
    </ClInclude>
    <ClInclude Include="..\..\tests\EGXMath\Geometry\3D\Ellipsoid\EllipsoidInertiaTest.hpp">
      <Filter>Tests\EGXMath\Geometry\3D\Ellipsoid</Filter>
    </ClInclude>
    <ClInclude Include="..\..\tests\EGXMath\Geometry\3D\Ellipsoid\EllipsoidSurfaceAreaTest.hpp">
      <Filter>Tests\EGXMath\Geometry\3D\Ellipsoid</Filter>
    </ClInclude>
    <ClInclude Include="..\..\tests\EGXMath\Geometry\3D\Ellipsoid\EllipsoidTest.hpp">
      <Filter>Tests\EGXMath\Geometry\3D\Ellipsoid</Filter>
    </ClInclude>
    <ClInclude Include="..\..\tests\EGXMath\Geometry\3D\Ellipsoid\EllipsoidVolumeTest.hpp">
      <Filter>Tests\EGXMath\Geometry\3D\Ellipsoid</Filter>
    </ClInclude>
    <ClInclude Include="..\..\tests\EGXMath\Geometry\3D\Spheroid\SpheroidEquitorialRadius.hpp">
      <Filter>Tests\EGXMath\Geometry\3D\Spheroid</Filter>
    </ClInclude>
    <ClInclude Include="..\..\tests\EGXMath\Geometry\3D\Spheroid\SpheroidInertiaTest.hpp">
      <Filter>Tests\EGXMath\Geometry\3D\Spheroid</Filter>
    </ClInclude>
    <ClInclude Include="..\..\tests\EGXMath\Geometry\3D\Spheroid\SpheroidPolarRadius.hpp">
      <Filter>Tests\EGXMath\Geometry\3D\Spheroid</Filter>
    </ClInclude>
    <ClInclude Include="..\..\EGXPhys\Electrodynamics\Electrodynamics.hpp">
      <Filter>EGXPhys\Electrodynamics</Filter>
    </ClInclude>
    <ClInclude Include="..\..\EGXPhys\Electrodynamics\ElectrodynamicsConstants.hpp">
      <Filter>EGXPhys\Electrodynamics</Filter>
    </ClInclude>
    <ClInclude Include="..\..\EGXPhys\Electrodynamics\BlackBody\BlackBody.hpp">
      <Filter>EGXPhys\Electrodynamics\BlackBody</Filter>
    </ClInclude>
    <ClInclude Include="..\..\EGXPhys\Electrodynamics\BlackBody\WiensDisplacementLaw.hpp">
      <Filter>EGXPhys\Electrodynamics\BlackBody</Filter>
    </ClInclude>
    <ClInclude Include="..\..\EGXPhys\Electrodynamics\BlackBody\PlancksLaw.hpp">
      <Filter>EGXPhys\Electrodynamics\BlackBody</Filter>
    </ClInclude>
    <ClInclude Include="..\..\EGXPhys\Electrodynamics\BlackBody\StefanBoltzmannLaw.hpp">
      <Filter>EGXPhys\Electrodynamics\BlackBody</Filter>
    </ClInclude>
    <ClInclude Include="..\..\tests\Electrodynamics\ElectrodynamicTest.hpp">
      <Filter>Tests\Electrodynamics</Filter>
    </ClInclude>
    <ClInclude Include="..\..\tests\Electrodynamics\Blackbody\PlanksLawTest.hpp">
      <Filter>Tests\Electrodynamics\BlackBody</Filter>
    </ClInclude>
    <ClInclude Include="..\..\tests\Electrodynamics\Blackbody\StefanBoltzmannLawTest.hpp">
      <Filter>Tests\Electrodynamics\BlackBody</Filter>
    </ClInclude>
    <ClInclude Include="..\..\tests\Electrodynamics\Blackbody\WiensDisplacementLawTest.hpp">
      <Filter>Tests\Electrodynamics\BlackBody</Filter>
    </ClInclude>
    <ClInclude Include="..\..\tests\Electrodynamics\Blackbody\BlackBodyTest.hpp">
      <Filter>Tests\Electrodynamics\BlackBody</Filter>
    </ClInclude>
    <ClInclude Include="..\..\EGXPhys\EGXMath\Conversions\LengthConversions\LengthConversions.hpp">
      <Filter>EGXPhys\EGXMath\Conversions\LengthConversions</Filter>
    </ClInclude>
    <ClInclude Include="..\..\EGXPhys\EGXMath\Conversions\LengthConversions\MeterConversion.hpp">
      <Filter>EGXPhys\EGXMath\Conversions\LengthConversions</Filter>
    </ClInclude>
    <ClInclude Include="..\..\EGXPhys\EGXMath\Conversions\LengthConversions\AttometerConversion.hpp">
      <Filter>EGXPhys\EGXMath\Conversions\LengthConversions</Filter>
    </ClInclude>
    <ClInclude Include="..\..\EGXPhys\EGXMath\Conversions\LengthConversions\TemplateConversionSI.hpp">
      <Filter>EGXPhys\EGXMath\Conversions\LengthConversions</Filter>
    </ClInclude>
    <ClInclude Include="..\..\EGXPhys\EGXMath\Conversions\LengthConversions\CentimeterConversion.hpp">
      <Filter>EGXPhys\EGXMath\Conversions\LengthConversions</Filter>
    </ClInclude>
    <ClInclude Include="..\..\EGXPhys\EGXMath\Conversions\LengthConversions\DecameterConversion.hpp">
      <Filter>EGXPhys\EGXMath\Conversions\LengthConversions</Filter>
    </ClInclude>
    <ClInclude Include="..\..\EGXPhys\EGXMath\Conversions\LengthConversions\DecimeterConversion.hpp">
      <Filter>EGXPhys\EGXMath\Conversions\LengthConversions</Filter>
    </ClInclude>
    <ClInclude Include="..\..\EGXPhys\EGXMath\Conversions\LengthConversions\ExameterConversion.hpp">
      <Filter>EGXPhys\EGXMath\Conversions\LengthConversions</Filter>
    </ClInclude>
    <ClInclude Include="..\..\EGXPhys\EGXMath\Conversions\LengthConversions\FemtometerConversion.hpp">
      <Filter>EGXPhys\EGXMath\Conversions\LengthConversions</Filter>
    </ClInclude>
    <ClInclude Include="..\..\EGXPhys\EGXMath\Conversions\LengthConversions\GigameterConversion.hpp">
      <Filter>EGXPhys\EGXMath\Conversions\LengthConversions</Filter>
    </ClInclude>
    <ClInclude Include="..\..\EGXPhys\EGXMath\Conversions\LengthConversions\HectometerConversion.hpp">
      <Filter>EGXPhys\EGXMath\Conversions\LengthConversions</Filter>
    </ClInclude>
    <ClInclude Include="..\..\EGXPhys\EGXMath\Conversions\LengthConversions\KilometerConversion.hpp">
      <Filter>EGXPhys\EGXMath\Conversions\LengthConversions</Filter>
    </ClInclude>
    <ClInclude Include="..\..\EGXPhys\EGXMath\Conversions\LengthConversions\MegameterConversion.hpp">
      <Filter>EGXPhys\EGXMath\Conversions\LengthConversions</Filter>
    </ClInclude>
  </ItemGroup>
  <ItemGroup>
    <ClCompile Include="..\..\tests\unitTest.cpp">
      <Filter>Tests</Filter>
    </ClCompile>
  </ItemGroup>
  <ItemGroup>
    <None Include="..\..\EGXPhys\Astrophysics\Apoapsis.inl">
      <Filter>EGXPhys\Astrophysics</Filter>
    </None>
    <None Include="..\..\EGXPhys\Astrophysics\CircumstellarHabitableZone.inl">
      <Filter>EGXPhys\Astrophysics</Filter>
    </None>
    <None Include="..\..\EGXPhys\Astrophysics\Eccentricity.inl">
      <Filter>EGXPhys\Astrophysics</Filter>
    </None>
    <None Include="..\..\EGXPhys\Astrophysics\Luminosity.inl">
      <Filter>EGXPhys\Astrophysics</Filter>
    </None>
    <None Include="..\..\EGXPhys\Astrophysics\OrbitalCharecteristics.inl">
      <Filter>EGXPhys\Astrophysics</Filter>
    </None>
    <None Include="..\..\EGXPhys\Astrophysics\Periapsis.inl">
      <Filter>EGXPhys\Astrophysics</Filter>
    </None>
    <None Include="..\..\EGXPhys\Astrophysics\PlanetCriteria.inl">
      <Filter>EGXPhys\Astrophysics</Filter>
    </None>
    <None Include="..\..\EGXPhys\Atomic\DecayConstant.inl">
      <Filter>EGXPhys\Atomic</Filter>
    </None>
    <None Include="..\..\EGXPhys\Atomic\DecayWidth.inl">
      <Filter>EGXPhys\Atomic</Filter>
    </None>
    <None Include="..\..\EGXPhys\Atomic\HalfLife.inl">
      <Filter>EGXPhys\Atomic</Filter>
    </None>
    <None Include="..\..\EGXPhys\Atomic\MassDefect.inl">
      <Filter>EGXPhys\Atomic</Filter>
    </None>
    <None Include="..\..\EGXPhys\Atomic\MassExcess.inl">
      <Filter>EGXPhys\Atomic</Filter>
    </None>
    <None Include="..\..\EGXPhys\Atomic\MeanLifetime.inl">
      <Filter>EGXPhys\Atomic</Filter>
    </None>
    <None Include="..\..\EGXPhys\Atomic\NuclearBindingEnergy.inl">
      <Filter>EGXPhys\Atomic</Filter>
    </None>
    <None Include="..\..\EGXPhys\Atomic\NuclearSeparationEnergy.inl">
      <Filter>EGXPhys\Atomic</Filter>
    </None>
    <None Include="..\..\EGXPhys\Atomic\QValue.inl">
      <Filter>EGXPhys\Atomic</Filter>
    </None>
    <None Include="..\..\EGXPhys\Atomic\RadioactiveDecay.inl">
      <Filter>EGXPhys\Atomic</Filter>
    </None>
    <None Include="..\..\EGXPhys\Atomic\SemiEmpiricalMassFormula.inl">
      <Filter>EGXPhys\Atomic</Filter>
    </None>
    <None Include="..\..\EGXPhys\Optics\Redshift.inl">
      <Filter>EGXPhys\Optics</Filter>
    </None>
    <None Include="..\..\EGXPhys\Relativity\LorentzTransformations.inl">
      <Filter>EGXPhys\Relativity</Filter>
    </None>
    <None Include="..\..\EGXPhys\Astrophysics\PlanetaryMass.inl">
      <Filter>EGXPhys\Astrophysics</Filter>
    </None>
    <None Include="..\..\EGXPhys\Astrophysics\StellarMass.inl">
      <Filter>EGXPhys\Astrophysics</Filter>
    </None>
    <None Include="..\..\EGXPhys\Astrophysics\AbsoluteMagnitude.inl">
      <Filter>EGXPhys\Astrophysics</Filter>
    </None>
    <None Include="..\..\EGXPhys\Astrophysics\Parallax.inl">
      <Filter>EGXPhys\Astrophysics</Filter>
    </None>
    <None Include="..\..\EGXPhys\Astrophysics\StellarRadius.inl">
      <Filter>EGXPhys\Astrophysics</Filter>
    </None>
    <None Include="..\..\EGXPhys\EGXMath\Conversions\AngleConversions\DecimalDegreeConversion.inl">
      <Filter>EGXPhys\EGXMath\Conversions\AngleConversions</Filter>
    </None>
    <None Include="..\..\EGXPhys\EGXMath\Conversions\AngleConversions\DegreeConversion.inl">
      <Filter>EGXPhys\EGXMath\Conversions\AngleConversions</Filter>
    </None>
    <None Include="..\..\EGXPhys\EGXMath\Conversions\AngleConversions\DegreesMinutesSecondsConversion.inl">
      <Filter>EGXPhys\EGXMath\Conversions\AngleConversions</Filter>
    </None>
    <None Include="..\..\EGXPhys\EGXMath\Conversions\AngleConversions\DMSConversion.inl">
      <Filter>EGXPhys\EGXMath\Conversions\AngleConversions</Filter>
    </None>
    <None Include="..\..\EGXPhys\EGXMath\Conversions\AngleConversions\GonConversion.inl">
      <Filter>EGXPhys\EGXMath\Conversions\AngleConversions</Filter>
    </None>
    <None Include="..\..\EGXPhys\EGXMath\Conversions\AngleConversions\GradianConversion.inl">
      <Filter>EGXPhys\EGXMath\Conversions\AngleConversions</Filter>
    </None>
    <None Include="..\..\EGXPhys\EGXMath\Conversions\AngleConversions\HMSConversion.inl">
      <Filter>EGXPhys\EGXMath\Conversions\AngleConversions</Filter>
    </None>
    <None Include="..\..\EGXPhys\EGXMath\Conversions\AngleConversions\HoursMinutesSecondsConversion.inl">
      <Filter>EGXPhys\EGXMath\Conversions\AngleConversions</Filter>
    </None>
    <None Include="..\..\EGXPhys\EGXMath\Conversions\AngleConversions\IntegerDegreeConversion.inl">
      <Filter>EGXPhys\EGXMath\Conversions\AngleConversions</Filter>
    </None>
    <None Include="..\..\EGXPhys\EGXMath\Conversions\AngleConversions\RadianConversion.inl">
      <Filter>EGXPhys\EGXMath\Conversions\AngleConversions</Filter>
    </None>
    <None Include="..\..\EGXPhys\EGXMath\Conversions\AngleConversions\TurnConversion.inl">
      <Filter>EGXPhys\EGXMath\Conversions\AngleConversions</Filter>
    </None>
    <None Include="..\..\EGXPhys\Astrophysics\StellarTemperature.inl">
      <Filter>EGXPhys\Astrophysics</Filter>
    </None>
    <None Include="..\..\EGXPhys\Astrophysics\Declination.inl">
      <Filter>EGXPhys\Astrophysics</Filter>
    </None>
    <None Include="..\..\EGXPhys\Astrophysics\RightAscension.inl">
      <Filter>EGXPhys\Astrophysics</Filter>
    </None>
    <None Include="..\..\EGXPhys\EGXMath\Functions\ErfFunctions.inl">
      <Filter>EGXPhys\EGXMath\Functions</Filter>
    </None>
    <None Include="..\..\EGXPhys\EGXMath\Functions\GaussianFunctions.inl">
      <Filter>EGXPhys\EGXMath\Functions</Filter>
    </None>
    <None Include="..\..\EGXPhys\EGXMath\Functions\LogFunctions.inl">
      <Filter>EGXPhys\EGXMath\Functions</Filter>
    </None>
    <None Include="..\..\EGXPhys\EGXMath\Functions\PeriodicFunctions.inl">
      <Filter>EGXPhys\EGXMath\Functions</Filter>
    </None>
    <None Include="..\..\EGXPhys\EGXMath\Functions\SignFunctions.inl">
      <Filter>EGXPhys\EGXMath\Functions</Filter>
    </None>
    <None Include="..\..\EGXPhys\EGXMath\Geometry\3D\Disk.inl">
      <Filter>EGXPhys\EGXMath\Geometry\3D</Filter>
    </None>
    <None Include="..\..\EGXPhys\EGXMath\Geometry\3D\Hoop.inl">
      <Filter>EGXPhys\EGXMath\Geometry\3D</Filter>
    </None>
    <None Include="..\..\EGXPhys\Astrophysics\B-VColor.inl">
      <Filter>EGXPhys\Astrophysics</Filter>
    </None>
    <None Include="..\..\EGXPhys\Astrophysics\ColorTemperature.inl">
      <Filter>EGXPhys\Astrophysics</Filter>
    </None>
    <None Include="..\..\EGXPhys\Astrophysics\EscapeVelocity.inl">
      <Filter>EGXPhys\Astrophysics</Filter>
    </None>
    <None Include="..\..\EGXPhys\Kinetics\Torque.inl">
      <Filter>EGXPhys\Kinetics</Filter>
    </None>
    <None Include="..\..\EGXPhys\Kinetics\AngularAcceleration.inl">
      <Filter>EGXPhys\Kinetics</Filter>
    </None>
    <None Include="..\..\EGXPhys\Kinetics\AngularFrequency.inl">
      <Filter>EGXPhys\Kinetics</Filter>
    </None>
    <None Include="..\..\EGXPhys\Kinetics\AngularPeriod.inl">
      <Filter>EGXPhys\Kinetics</Filter>
    </None>
    <None Include="..\..\EGXPhys\Kinetics\CentripetalAcceleration.inl">
      <Filter>EGXPhys\Kinetics</Filter>
    </None>
    <None Include="..\..\EGXPhys\Kinetics\TangentialVelocity.inl">
      <Filter>EGXPhys\Kinetics</Filter>
    </None>
    <None Include="..\..\EGXPhys\Kinetics\CentripetalForce.inl">
      <Filter>EGXPhys\Kinetics</Filter>
    </None>
    <None Include="..\..\EGXPhys\Astrophysics\StandardGravitationalParameter.inl">
      <Filter>EGXPhys\Astrophysics</Filter>
    </None>
    <None Include="..\..\EGXPhys\Astrophysics\SurfaceGravity.inl">
      <Filter>EGXPhys\Astrophysics</Filter>
    </None>
    <None Include="..\..\EGXPhys\Astrophysics\RotationalFlattening.inl">
      <Filter>EGXPhys\Astrophysics</Filter>
    </None>
    <None Include="..\..\EGXPhys\EGXMath\Geometry\3D\Spheroid\SpheroidEccentricity.inl">
      <Filter>EGXPhys\EGXMath\Geometry\3D\Spheroid</Filter>
    </None>
    <None Include="..\..\EGXPhys\EGXMath\Geometry\3D\Spheroid\SpheroidFlattening.inl">
      <Filter>EGXPhys\EGXMath\Geometry\3D\Spheroid</Filter>
    </None>
    <None Include="..\..\EGXPhys\EGXMath\Geometry\2D\Circle\Circle.inl">
      <Filter>EGXPhys\EGXMath\Geometry\2D\Circle</Filter>
    </None>
    <None Include="..\..\EGXPhys\EGXMath\Geometry\2D\Ellipse\EllipseEccentricity.inl">
      <Filter>EGXPhys\EGXMath\Geometry\2D\Ellipse</Filter>
    </None>
    <None Include="..\..\EGXPhys\EGXMath\Geometry\2D\Ellipse\EllipseCircumference.inl">
      <Filter>EGXPhys\EGXMath\Geometry\2D\Ellipse</Filter>
    </None>
    <None Include="..\..\EGXPhys\EGXMath\Geometry\2D\Ellipse\EllipseInertia.inl">
      <Filter>EGXPhys\EGXMath\Geometry\2D\Ellipse</Filter>
    </None>
    <None Include="..\..\EGXPhys\EGXMath\Geometry\2D\Ellipse\EllipseSurfaceArea.inl">
      <Filter>EGXPhys\EGXMath\Geometry\2D\Ellipse</Filter>
    </None>
    <None Include="..\..\EGXPhys\EGXMath\Geometry\2D\Ellipse\EllipseFocalParameter.inl">
      <Filter>EGXPhys\EGXMath\Geometry\2D\Ellipse</Filter>
    </None>
    <None Include="..\..\EGXPhys\EGXMath\Geometry\2D\Ellipse\EllipseSemiLatusRectum.inl">
      <Filter>EGXPhys\EGXMath\Geometry\2D\Ellipse</Filter>
    </None>
    <None Include="..\..\EGXPhys\EGXMath\Geometry\2D\Ellipse\EllipseSemiMajorAxis.inl">
      <Filter>EGXPhys\EGXMath\Geometry\2D\Ellipse</Filter>
    </None>
    <None Include="..\..\EGXPhys\EGXMath\Geometry\2D\Ellipse\EllipseSemiMinorAxis.inl">
      <Filter>EGXPhys\EGXMath\Geometry\2D\Ellipse</Filter>
    </None>
    <None Include="..\..\EGXPhys\EGXMath\Geometry\2D\Ellipse\EllipseDirectrix.inl">
      <Filter>EGXPhys\EGXMath\Geometry\2D\Ellipse</Filter>
    </None>
    <None Include="..\..\EGXPhys\EGXMath\Geometry\2D\Ellipse\EllipseFocalLength.inl">
      <Filter>EGXPhys\EGXMath\Geometry\2D\Ellipse</Filter>
    </None>
    <None Include="..\..\EGXPhys\EGXMath\Geometry\2D\Ellipse\EllipseLinearEccentricity.inl">
      <Filter>EGXPhys\EGXMath\Geometry\2D\Ellipse</Filter>
    </None>
    <None Include="..\..\EGXPhys\EGXMath\Conversions\CoordinateConversions\3D\3DCartesianCoordinateConversion.inl">
      <Filter>EGXPhys\EGXMath\Conversions\CoordinateConversions\3D</Filter>
    </None>
    <None Include="..\..\EGXPhys\EGXMath\Conversions\CoordinateConversions\3D\CylindricalCoordinateConversion.inl">
      <Filter>EGXPhys\EGXMath\Conversions\CoordinateConversions\3D</Filter>
    </None>
    <None Include="..\..\EGXPhys\EGXMath\Conversions\CoordinateConversions\3D\SphericalCoordinateConversion.inl">
      <Filter>EGXPhys\EGXMath\Conversions\CoordinateConversions\3D</Filter>
    </None>
    <None Include="..\..\EGXPhys\EGXMath\Conversions\CoordinateConversions\2D\CartesianCoordinateConversion.inl">
      <Filter>EGXPhys\EGXMath\Conversions\CoordinateConversions\2D</Filter>
    </None>
    <None Include="..\..\EGXPhys\EGXMath\Conversions\CoordinateConversions\2D\PolarCoordinateConversion.inl">
      <Filter>EGXPhys\EGXMath\Conversions\CoordinateConversions\2D</Filter>
    </None>
    <None Include="..\..\EGXPhys\EGXMath\Geometry\3D\Spheroid\SpheroidSurfaceArea.inl">
      <Filter>EGXPhys\EGXMath\Geometry\3D\Spheroid</Filter>
    </None>
    <None Include="..\..\EGXPhys\EGXMath\Geometry\3D\Spheroid\SpheroidVolume.inl">
      <Filter>EGXPhys\EGXMath\Geometry\3D\Spheroid</Filter>
    </None>
    <None Include="..\..\EGXPhys\EGXMath\Geometry\3D\Ellipsoid\EllipsoidInertia.inl">
      <Filter>EGXPhys\EGXMath\Geometry\3D\Ellipsoid</Filter>
    </None>
    <None Include="..\..\EGXPhys\EGXMath\Geometry\3D\Ellipsoid\EllipsoidSurfaceArea.inl">
      <Filter>EGXPhys\EGXMath\Geometry\3D\Ellipsoid</Filter>
    </None>
    <None Include="..\..\EGXPhys\EGXMath\Geometry\3D\Ellipsoid\EllipsoidVolume.inl">
      <Filter>EGXPhys\EGXMath\Geometry\3D\Ellipsoid</Filter>
    </None>
    <None Include="..\..\EGXPhys\EGXMath\Geometry\3D\Spheroid\SpheroidEquatorialRadius.inl">
      <Filter>EGXPhys\EGXMath\Geometry\3D\Spheroid</Filter>
    </None>
    <None Include="..\..\EGXPhys\EGXMath\Geometry\3D\Spheroid\SpheroidPolarRadius.inl">
      <Filter>EGXPhys\EGXMath\Geometry\3D\Spheroid</Filter>
    </None>
    <None Include="..\..\EGXPhys\EGXMath\Geometry\3D\Spheroid\SpheroidInertia.inl">
      <Filter>EGXPhys\EGXMath\Geometry\3D\Spheroid</Filter>
    </None>
    <None Include="..\..\EGXPhys\Electrodynamics\BlackBody\WiensDisplacementLaw.inl">
      <Filter>EGXPhys\Electrodynamics\BlackBody</Filter>
    </None>
    <None Include="..\..\EGXPhys\Electrodynamics\BlackBody\PlancksLaw.inl">
      <Filter>EGXPhys\Electrodynamics\BlackBody</Filter>
    </None>
    <None Include="..\..\EGXPhys\Electrodynamics\BlackBody\StefanBoltzmannLaw.inl">
      <Filter>EGXPhys\Electrodynamics\BlackBody</Filter>
    </None>
    <None Include="..\..\EGXPhys\EGXMath\Conversions\LengthConversions\MeterConversion.inl">
      <Filter>EGXPhys\EGXMath\Conversions\LengthConversions</Filter>
    </None>
    <None Include="..\..\EGXPhys\EGXMath\Conversions\LengthConversions\AttometerConversion.inl">
      <Filter>EGXPhys\EGXMath\Conversions\LengthConversions</Filter>
    </None>
    <None Include="..\..\EGXPhys\EGXMath\Conversions\LengthConversions\TemplateConversionSI.inl">
      <Filter>EGXPhys\EGXMath\Conversions\LengthConversions</Filter>
    </None>
    <None Include="..\..\EGXPhys\EGXMath\Conversions\LengthConversions\CentimeterConversion.inl">
      <Filter>EGXPhys\EGXMath\Conversions\LengthConversions</Filter>
    </None>
    <None Include="..\..\EGXPhys\EGXMath\Conversions\LengthConversions\DecameterConversion.inl">
      <Filter>EGXPhys\EGXMath\Conversions\LengthConversions</Filter>
    </None>
    <None Include="..\..\EGXPhys\EGXMath\Conversions\LengthConversions\DecimeterConversion.inl">
      <Filter>EGXPhys\EGXMath\Conversions\LengthConversions</Filter>
    </None>
    <None Include="..\..\EGXPhys\EGXMath\Conversions\LengthConversions\ExameterConversion.inl">
      <Filter>EGXPhys\EGXMath\Conversions\LengthConversions</Filter>
    </None>
    <None Include="..\..\EGXPhys\EGXMath\Conversions\LengthConversions\FemtometerConversion.inl">
      <Filter>EGXPhys\EGXMath\Conversions\LengthConversions</Filter>
    </None>
    <None Include="..\..\EGXPhys\EGXMath\Conversions\LengthConversions\GigameterConversion.inl">
      <Filter>EGXPhys\EGXMath\Conversions\LengthConversions</Filter>
    </None>
    <None Include="..\..\EGXPhys\EGXMath\Conversions\LengthConversions\HectometerConversion.inl">
      <Filter>EGXPhys\EGXMath\Conversions\LengthConversions</Filter>
    </None>
    <None Include="..\..\EGXPhys\EGXMath\Conversions\LengthConversions\KilometerConversion.inl">
      <Filter>EGXPhys\EGXMath\Conversions\LengthConversions</Filter>
    </None>
    <None Include="..\..\EGXPhys\EGXMath\Conversions\LengthConversions\MegameterConversion.inl">
      <Filter>EGXPhys\EGXMath\Conversions\LengthConversions</Filter>
    </None>
  </ItemGroup>
</Project>